schema: '2.0'
stages:
  raw_dataset_creation:
    cmd: python3 src/data/load_data.py --config=params.yaml
    deps:
    - path: data/external/train.csv
      hash: md5
      md5: 8b35cf82383bd0fc2873d2e290ca6d09
      size: 1642093681
    - path: src/data/load_data.py
      hash: md5
      md5: 5ec72bece27d16ff1e8bf43638530af0
      size: 1501
    outs:
    - path: data/raw/train.csv
      hash: md5
      md5: 0fb1c1470037445a6ab95249178c271b
      size: 1347055936
  split_data:
    cmd: python3 src/data/split_data.py --config=params.yaml
    deps:
    - path: data/raw/train.csv
      hash: md5
      md5: 0fb1c1470037445a6ab95249178c271b
      size: 1347055936
    - path: src/data/split_data.py
      hash: md5
      md5: f87a3f959c739f7fd381ac0630e2a9ce
      size: 1355
    outs:
    - path: data/processed/churn_test.csv
      hash: md5
      md5: 57bebff2926f02652e670c83f4d81b2e
      size: 269669008
    - path: data/processed/churn_train.csv
      hash: md5
      md5: ff1dfec9b0d989fc2daa42407ce8b092
      size: 1077386971
  model_train:
    cmd: python3 src/models/train_model.py --config=params.yaml
    deps:
    - path: data/processed/churn_test.csv
      hash: md5
      md5: 57bebff2926f02652e670c83f4d81b2e
      size: 269669008
    - path: data/processed/churn_train.csv
      hash: md5
      md5: ff1dfec9b0d989fc2daa42407ce8b092
      size: 1077386971
    - path: src/models/train_model.py
      hash: md5
      md5: a029796d299aa1af0a6094f475c3f78b
      size: 9350
    params:
      params.yaml:
        xgboost.learning_rate: 0.2
        xgboost.max_depth: 3
        xgboost.n_estimators: 1500
        xgboost.n_jobs: -1
  issue_model:
    cmd: python3 src/models/issue_model.py --config=params.yaml
    deps:
    - path: data/processed/churn_test.csv
      hash: md5
      md5: 57bebff2926f02652e670c83f4d81b2e
      size: 269669008
    - path: data/processed/churn_train.csv
      hash: md5
      md5: ff1dfec9b0d989fc2daa42407ce8b092
      size: 1077386971
    - path: src/models/issue_model.py
      hash: md5
      md5: 9cf3d2e210976542d95ee2e43a74587c
      size: 6787
    params:
      params.yaml:
        xgboost.learning_rate: 0.2
        xgboost.max_depth: 3
        xgboost.n_estimators: 1500
        xgboost.n_jobs: -1
